
Microsoft Visual Studio Solution File, Format Version 12.00
# Visual Studio Version 16
VisualStudioVersion = 16.0.30523.141
MinimumVisualStudioVersion = 10.0.40219.1
Project("{F184B08F-C81C-45F6-A57F-5ABD9991F28F}") = "XAMPP Virtual Hosts", "XAMPP Virtual Hosts.vbproj", "{2114C6A9-1EB8-4657-AD23-FC1A45857987}"
EndProject
Project("{54435603-DBB4-11D2-8724-00A0C9A8B90C}") = "XAMPP Virtual Hosts Installer", "..\XAMPP Virtual Hosts Installer\XAMPP Virtual Hosts Installer.vdproj", "{305AD162-FA0E-41A9-83AD-42D0B0ACF72F}"
EndProject
Global
	GlobalSection(SolutionConfigurationPlatforms) = preSolution
		Debug|Any CPU = Debug|Any CPU
		Debug|x64 = Debug|x64
		Debug|x86 = Debug|x86
		Release|Any CPU = Release|Any CPU
		Release|x64 = Release|x64
		Release|x86 = Release|x86
	EndGlobalSection
	GlobalSection(ProjectConfigurationPlatforms) = postSolution
		{2114C6A9-1EB8-4657-AD23-FC1A45857987}.Debug|Any CPU.ActiveCfg = Debug|Any CPU
		{2114C6A9-1EB8-4657-AD23-FC1A45857987}.Debug|Any CPU.Build.0 = Debug|Any CPU
		{2114C6A9-1EB8-4657-AD23-FC1A45857987}.Debug|x64.ActiveCfg = Debug|Any CPU
		{2114C6A9-1EB8-4657-AD23-FC1A45857987}.Debug|x64.Build.0 = Debug|Any CPU
		{2114C6A9-1EB8-4657-AD23-FC1A45857987}.Debug|x86.ActiveCfg = Debug|Any CPU
		{2114C6A9-1EB8-4657-AD23-FC1A45857987}.Debug|x86.Build.0 = Debug|Any CPU
		{2114C6A9-1EB8-4657-AD23-FC1A45857987}.Release|Any CPU.ActiveCfg = Release|Any CPU
		{2114C6A9-1EB8-4657-AD23-FC1A45857987}.Release|Any CPU.Build.0 = Release|Any CPU
		{2114C6A9-1EB8-4657-AD23-FC1A45857987}.Release|x64.ActiveCfg = Release|x64
		{2114C6A9-1EB8-4657-AD23-FC1A45857987}.Release|x64.Build.0 = Release|x64
		{2114C6A9-1EB8-4657-AD23-FC1A45857987}.Release|x86.ActiveCfg = Release|Any CPU
		{2114C6A9-1EB8-4657-AD23-FC1A45857987}.Release|x86.Build.0 = Release|Any CPU
		{305AD162-FA0E-41A9-83AD-42D0B0ACF72F}.Debug|Any CPU.ActiveCfg = Debug
		{305AD162-FA0E-41A9-83AD-42D0B0ACF72F}.Debug|x64.ActiveCfg = Debug
		{305AD162-FA0E-41A9-83AD-42D0B0ACF72F}.Debug|x86.ActiveCfg = Debug
		{305AD162-FA0E-41A9-83AD-42D0B0ACF72F}.Release|Any CPU.ActiveCfg = Release
		{305AD162-FA0E-41A9-83AD-42D0B0ACF72F}.Release|x64.ActiveCfg = Release
		{305AD162-FA0E-41A9-83AD-42D0B0ACF72F}.Release|x64.Build.0 = Release
		{305AD162-FA0E-41A9-83AD-42D0B0ACF72F}.Release|x86.ActiveCfg = Release
	EndGlobalSection
	GlobalSection(SolutionProperties) = preSolution
		HideSolutionNode = FALSE
	EndGlobalSection
	GlobalSection(ExtensibilityGlobals) = postSolution
		SolutionGuid = {77EFD534-9194-427D-9242-434420B305B0}
	EndGlobalSection
EndGlobal
